
Microsoft Visual Studio Solution File, Format Version 12.00
# Visual Studio 15
VisualStudioVersion = 15.0.28010.2036
MinimumVisualStudioVersion = 10.0.40219.1
Project("{FAE04EC0-301F-11D3-BF4B-00C04F79EFBC}") = "GC_Lab13", "GC_Lab13\GC_Lab13.csproj", "{978DB06F-E318-4A1B-A7CB-40C5A42FFD1D}"
EndProject
Global
	GlobalSection(SolutionConfigurationPlatforms) = preSolution
		Debug|Any CPU = Debug|Any CPU
		Release|Any CPU = Release|Any CPU
	EndGlobalSection
	GlobalSection(ProjectConfigurationPlatforms) = postSolution
		{978DB06F-E318-4A1B-A7CB-40C5A42FFD1D}.Debug|Any CPU.ActiveCfg = Debug|Any CPU
		{978DB06F-E318-4A1B-A7CB-40C5A42FFD1D}.Debug|Any CPU.Build.0 = Debug|Any CPU
		{978DB06F-E318-4A1B-A7CB-40C5A42FFD1D}.Release|Any CPU.ActiveCfg = Release|Any CPU
		{978DB06F-E318-4A1B-A7CB-40C5A42FFD1D}.Release|Any CPU.Build.0 = Release|Any CPU
	EndGlobalSection
	GlobalSection(SolutionProperties) = preSolution
		HideSolutionNode = FALSE
	EndGlobalSection
	GlobalSection(ExtensibilityGlobals) = postSolution
		SolutionGuid = {EA26D832-B44F-4638-9608-90F8B47761A3}
	EndGlobalSection
EndGlobal
